
Microsoft Visual Studio Solution File, Format Version 12.00
# Visual Studio Version 17
VisualStudioVersion = 17.5.33424.131
MinimumVisualStudioVersion = 10.0.40219.1
Project("{9A19103F-16F7-4668-BE54-9A1E7A4F7556}") = "Qs1_Entry1", "Qs1_Entry1\Qs1_Entry1.csproj", "{009BDCFC-5516-48B8-9FC8-42BDCED43FD5}"
EndProject
Project("{9A19103F-16F7-4668-BE54-9A1E7A4F7556}") = "Qs2_Entry2", "Qs2_Entry2\Qs2_Entry2.csproj", "{77A3DD20-B083-49DB-8DCC-A36CC994F2D2}"
EndProject
Project("{9A19103F-16F7-4668-BE54-9A1E7A4F7556}") = "Qs3_inheritance", "Qs3_inheritance\Qs3_inheritance.csproj", "{2425D78A-5839-4AE0-8C66-D5EC336854D3}"
EndProject
Project("{FAE04EC0-301F-11D3-BF4B-00C04F79EFBC}") = "Qs4_Generic", "Qs4_Generic\Qs4_Generic.csproj", "{F3266D75-000A-441C-BD5C-A4D30C7B7FC3}"
EndProject
Global
	GlobalSection(SolutionConfigurationPlatforms) = preSolution
		Debug|Any CPU = Debug|Any CPU
		Release|Any CPU = Release|Any CPU
	EndGlobalSection
	GlobalSection(ProjectConfigurationPlatforms) = postSolution
		{009BDCFC-5516-48B8-9FC8-42BDCED43FD5}.Debug|Any CPU.ActiveCfg = Debug|Any CPU
		{009BDCFC-5516-48B8-9FC8-42BDCED43FD5}.Debug|Any CPU.Build.0 = Debug|Any CPU
		{009BDCFC-5516-48B8-9FC8-42BDCED43FD5}.Release|Any CPU.ActiveCfg = Release|Any CPU
		{009BDCFC-5516-48B8-9FC8-42BDCED43FD5}.Release|Any CPU.Build.0 = Release|Any CPU
		{77A3DD20-B083-49DB-8DCC-A36CC994F2D2}.Debug|Any CPU.ActiveCfg = Debug|Any CPU
		{77A3DD20-B083-49DB-8DCC-A36CC994F2D2}.Debug|Any CPU.Build.0 = Debug|Any CPU
		{77A3DD20-B083-49DB-8DCC-A36CC994F2D2}.Release|Any CPU.ActiveCfg = Release|Any CPU
		{77A3DD20-B083-49DB-8DCC-A36CC994F2D2}.Release|Any CPU.Build.0 = Release|Any CPU
		{2425D78A-5839-4AE0-8C66-D5EC336854D3}.Debug|Any CPU.ActiveCfg = Debug|Any CPU
		{2425D78A-5839-4AE0-8C66-D5EC336854D3}.Debug|Any CPU.Build.0 = Debug|Any CPU
		{2425D78A-5839-4AE0-8C66-D5EC336854D3}.Release|Any CPU.ActiveCfg = Release|Any CPU
		{2425D78A-5839-4AE0-8C66-D5EC336854D3}.Release|Any CPU.Build.0 = Release|Any CPU
		{F3266D75-000A-441C-BD5C-A4D30C7B7FC3}.Debug|Any CPU.ActiveCfg = Debug|Any CPU
		{F3266D75-000A-441C-BD5C-A4D30C7B7FC3}.Debug|Any CPU.Build.0 = Debug|Any CPU
		{F3266D75-000A-441C-BD5C-A4D30C7B7FC3}.Release|Any CPU.ActiveCfg = Release|Any CPU
		{F3266D75-000A-441C-BD5C-A4D30C7B7FC3}.Release|Any CPU.Build.0 = Release|Any CPU
	EndGlobalSection
	GlobalSection(SolutionProperties) = preSolution
		HideSolutionNode = FALSE
	EndGlobalSection
	GlobalSection(ExtensibilityGlobals) = postSolution
		SolutionGuid = {A3E92AD6-F668-4D92-BE53-C1ABBD7CDCEA}
	EndGlobalSection
EndGlobal
